
Microsoft Visual Studio Solution File, Format Version 12.00
# Visual Studio 15
VisualStudioVersion = 15.0.27130.2036
MinimumVisualStudioVersion = 10.0.40219.1
Project("{FAE04EC0-301F-11D3-BF4B-00C04F79EFBC}") = "Ejercicio1", "Ejercicio1\Ejercicio1.csproj", "{26FB808D-5A7A-4F21-869C-B88BDC6AD3F2}"
EndProject
Global
	GlobalSection(SolutionConfigurationPlatforms) = preSolution
		Debug|Any CPU = Debug|Any CPU
		Release|Any CPU = Release|Any CPU
	EndGlobalSection
	GlobalSection(ProjectConfigurationPlatforms) = postSolution
		{26FB808D-5A7A-4F21-869C-B88BDC6AD3F2}.Debug|Any CPU.ActiveCfg = Debug|Any CPU
		{26FB808D-5A7A-4F21-869C-B88BDC6AD3F2}.Debug|Any CPU.Build.0 = Debug|Any CPU
		{26FB808D-5A7A-4F21-869C-B88BDC6AD3F2}.Release|Any CPU.ActiveCfg = Release|Any CPU
		{26FB808D-5A7A-4F21-869C-B88BDC6AD3F2}.Release|Any CPU.Build.0 = Release|Any CPU
	EndGlobalSection
	GlobalSection(SolutionProperties) = preSolution
		HideSolutionNode = FALSE
	EndGlobalSection
	GlobalSection(ExtensibilityGlobals) = postSolution
		SolutionGuid = {F596FFDF-4EC3-4B94-A62E-DE1DF1E51005}
	EndGlobalSection
EndGlobal
